# This file is automatically @generated by Poetry 1.8.3 and should not be changed by hand.

[[package]]
name = "colorama"
version = "0.4.6"
description = "Cross-platform colored terminal text."
optional = false
python-versions = "!=3.0.*,!=3.1.*,!=3.2.*,!=3.3.*,!=3.4.*,!=3.5.*,!=3.6.*,>=2.7"
files = [
    {file = "colorama-0.4.6-py2.py3-none-any.whl", hash = "sha256:4f1d9991f5acc0ca119f9d443620b77f9d6b33703e51011c16baf57afb285fc6"},
    {file = "colorama-0.4.6.tar.gz", hash = "sha256:08695f5cb7ed6e0531a20572697297273c47b8cae5a63ffc6d6ed5c201be6e44"},
]

[[package]]
name = "english-words"
version = "2.0.1"
description = "Generate sets of english words by combining different word lists"
optional = false
python-versions = "*"
files = [
    {file = "english-words-2.0.1.tar.gz", hash = "sha256:a4105c57493bb757a3d8973fcf8e1dc05e7ca09c836dff467c3fb445f84bc43d"},
]

[[package]]
name = "pyinputplus"
version = "0.2.12"
description = "Provides more featureful versions of input() and raw_input()."
optional = false
python-versions = "*"
files = [
    {file = "PyInputPlus-0.2.12.tar.gz", hash = "sha256:3a86b03dc6d003fec7dc627ad175cacaaf6e14a6a3b13b34c8fe6f5d01506231"},
]

[package.dependencies]
pysimplevalidate = ">=0.2.7"
stdiomask = ">=0.0.3"

[[package]]
name = "pysimplevalidate"
version = "0.2.12"
description = "A collection of string-based validation functions, suitable for use in other Python 2 and 3 applications."
optional = false
python-versions = "*"
files = [
    {file = "PySimpleValidate-0.2.12.tar.gz", hash = "sha256:645d24bdca17ad4c40658f3aa0bd5c1aa1688ba0c02ba75c5ed2cb3b8abaaa19"},
]

[[package]]
name = "stdiomask"
version = "0.0.6"
description = "A cross-platform Python module for entering passwords to a stdio terminal and displaying a **** mask, which getpass cannot do."
optional = false
python-versions = "*"
files = [
    {file = "stdiomask-0.0.6.tar.gz", hash = "sha256:c1e47069ead9e10bda150a26f7922ca01d2adc503042a9d7acf64877a2b9a3a6"},
]

[[package]]
name = "termcolor"
version = "2.4.0"
description = "ANSI color formatting for output in terminal"
optional = false
python-versions = ">=3.8"
files = [
    {file = "termcolor-2.4.0-py3-none-any.whl", hash = "sha256:9297c0df9c99445c2412e832e882a7884038a25617c60cea2ad69488d4040d63"},
    {file = "termcolor-2.4.0.tar.gz", hash = "sha256:aab9e56047c8ac41ed798fa36d892a37aca6b3e9159f3e0c24bc64a9b3ac7b7a"},
]

[package.extras]
tests = ["pytest", "pytest-cov"]

[metadata]
lock-version = "2.0"
python-versions = "^3.12"
content-hash = "5352d2ad6d81170b945b72c63ca43f4fed6ea82a989ebb0a19532efdc3efc2d8"
